
Microsoft Visual Studio Solution File, Format Version 12.00
# Visual Studio Version 16
VisualStudioVersion = 16.0.30413.136
MinimumVisualStudioVersion = 10.0.40219.1
Project("{9A19103F-16F7-4668-BE54-9A1E7A4F7556}") = "Take-Away-Server", "Take-Away-Server\Take-Away-Server.csproj", "{844E75F3-61D7-4D56-B598-F98D3FDDCC83}"
EndProject
Project("{9A19103F-16F7-4668-BE54-9A1E7A4F7556}") = "Take-Away-Client", "Take-Away-Client\Take-Away-Client.csproj", "{E9F726C9-1199-40E7-B103-9D333008F3E7}"
EndProject
Project("{D954291E-2A0B-460D-934E-DC6B0785DB48}") = "Take-Away-NetworkUtil", "Take-Away-NetworkUtils\Take-Away-NetworkUtil.shproj", "{C938AAFF-E78D-446F-B3BF-FF5268D13F76}"
EndProject
Project("{9A19103F-16F7-4668-BE54-9A1E7A4F7556}") = "Client", "Client\Client.csproj", "{77431712-C15D-480A-A623-AC835AA979EF}"
EndProject
Project("{9A19103F-16F7-4668-BE54-9A1E7A4F7556}") = "Take-Away-SQLTEST", "Take-Away-SQLTEST\Take-Away-SQLTEST.csproj", "{DD94D0A5-8F1C-4572-84B4-F9C98F2FA167}"
EndProject
Project("{D954291E-2A0B-460D-934E-DC6B0785DB48}") = "Take-Away-Data", "Take-Away-Data\Take-Away-Data.shproj", "{A0264875-5B83-4470-BF22-DA1F51D980C7}"
EndProject
Global
	GlobalSection(SharedMSBuildProjectFiles) = preSolution
		Take-Away-Data\Take-Away-Data.projitems*{77431712-c15d-480a-a623-ac835aa979ef}*SharedItemsImports = 5
		Take-Away-Data\Take-Away-Data.projitems*{844e75f3-61d7-4d56-b598-f98d3fddcc83}*SharedItemsImports = 5
		Take-Away-NetworkUtils\Take-Away-NetworkUtils.projitems*{844e75f3-61d7-4d56-b598-f98d3fddcc83}*SharedItemsImports = 5
		Take-Away-Data\Take-Away-Data.projitems*{a0264875-5b83-4470-bf22-da1f51d980c7}*SharedItemsImports = 13
		Take-Away-NetworkUtils\Take-Away-NetworkUtils.projitems*{c938aaff-e78d-446f-b3bf-ff5268d13f76}*SharedItemsImports = 13
		Take-Away-Data\Take-Away-Data.projitems*{dd94d0a5-8f1c-4572-84b4-f9c98f2fa167}*SharedItemsImports = 5
		Take-Away-Data\Take-Away-Data.projitems*{e9f726c9-1199-40e7-b103-9d333008f3e7}*SharedItemsImports = 5
		Take-Away-NetworkUtils\Take-Away-NetworkUtils.projitems*{e9f726c9-1199-40e7-b103-9d333008f3e7}*SharedItemsImports = 5
	EndGlobalSection
	GlobalSection(SolutionConfigurationPlatforms) = preSolution
		Debug|Any CPU = Debug|Any CPU
		Release|Any CPU = Release|Any CPU
	EndGlobalSection
	GlobalSection(ProjectConfigurationPlatforms) = postSolution
		{844E75F3-61D7-4D56-B598-F98D3FDDCC83}.Debug|Any CPU.ActiveCfg = Debug|Any CPU
		{844E75F3-61D7-4D56-B598-F98D3FDDCC83}.Debug|Any CPU.Build.0 = Debug|Any CPU
		{844E75F3-61D7-4D56-B598-F98D3FDDCC83}.Release|Any CPU.ActiveCfg = Release|Any CPU
		{844E75F3-61D7-4D56-B598-F98D3FDDCC83}.Release|Any CPU.Build.0 = Release|Any CPU
		{E9F726C9-1199-40E7-B103-9D333008F3E7}.Debug|Any CPU.ActiveCfg = Debug|Any CPU
		{E9F726C9-1199-40E7-B103-9D333008F3E7}.Debug|Any CPU.Build.0 = Debug|Any CPU
		{E9F726C9-1199-40E7-B103-9D333008F3E7}.Release|Any CPU.ActiveCfg = Release|Any CPU
		{E9F726C9-1199-40E7-B103-9D333008F3E7}.Release|Any CPU.Build.0 = Release|Any CPU
		{77431712-C15D-480A-A623-AC835AA979EF}.Debug|Any CPU.ActiveCfg = Debug|Any CPU
		{77431712-C15D-480A-A623-AC835AA979EF}.Debug|Any CPU.Build.0 = Debug|Any CPU
		{77431712-C15D-480A-A623-AC835AA979EF}.Release|Any CPU.ActiveCfg = Release|Any CPU
		{77431712-C15D-480A-A623-AC835AA979EF}.Release|Any CPU.Build.0 = Release|Any CPU
		{DD94D0A5-8F1C-4572-84B4-F9C98F2FA167}.Debug|Any CPU.ActiveCfg = Debug|Any CPU
		{DD94D0A5-8F1C-4572-84B4-F9C98F2FA167}.Debug|Any CPU.Build.0 = Debug|Any CPU
		{DD94D0A5-8F1C-4572-84B4-F9C98F2FA167}.Release|Any CPU.ActiveCfg = Release|Any CPU
		{DD94D0A5-8F1C-4572-84B4-F9C98F2FA167}.Release|Any CPU.Build.0 = Release|Any CPU
	EndGlobalSection
	GlobalSection(SolutionProperties) = preSolution
		HideSolutionNode = FALSE
	EndGlobalSection
	GlobalSection(ExtensibilityGlobals) = postSolution
		SolutionGuid = {E72F800D-3A63-43F8-88AA-CF7804225AF3}
	EndGlobalSection
EndGlobal
