
Microsoft Visual Studio Solution File, Format Version 12.00
# Visual Studio Version 16
VisualStudioVersion = 16.0.30413.136
MinimumVisualStudioVersion = 10.0.40219.1
Project("{FAE04EC0-301F-11D3-BF4B-00C04F79EFBC}") = "Take-Away-Server", "Take-Away-Server\Take-Away-Server.csproj", "{844E75F3-61D7-4D56-B598-F98D3FDDCC83}"
EndProject
Project("{FAE04EC0-301F-11D3-BF4B-00C04F79EFBC}") = "Take-Away-Client", "Take-Away-Client\Take-Away-Client.csproj", "{E9F726C9-1199-40E7-B103-9D333008F3E7}"
EndProject
Global
	GlobalSection(SolutionConfigurationPlatforms) = preSolution
		Debug|Any CPU = Debug|Any CPU
		Release|Any CPU = Release|Any CPU
	EndGlobalSection
	GlobalSection(ProjectConfigurationPlatforms) = postSolution
		{844E75F3-61D7-4D56-B598-F98D3FDDCC83}.Debug|Any CPU.ActiveCfg = Debug|Any CPU
		{844E75F3-61D7-4D56-B598-F98D3FDDCC83}.Debug|Any CPU.Build.0 = Debug|Any CPU
		{844E75F3-61D7-4D56-B598-F98D3FDDCC83}.Release|Any CPU.ActiveCfg = Release|Any CPU
		{844E75F3-61D7-4D56-B598-F98D3FDDCC83}.Release|Any CPU.Build.0 = Release|Any CPU
		{E9F726C9-1199-40E7-B103-9D333008F3E7}.Debug|Any CPU.ActiveCfg = Debug|Any CPU
		{E9F726C9-1199-40E7-B103-9D333008F3E7}.Debug|Any CPU.Build.0 = Debug|Any CPU
		{E9F726C9-1199-40E7-B103-9D333008F3E7}.Release|Any CPU.ActiveCfg = Release|Any CPU
		{E9F726C9-1199-40E7-B103-9D333008F3E7}.Release|Any CPU.Build.0 = Release|Any CPU
	EndGlobalSection
	GlobalSection(SolutionProperties) = preSolution
		HideSolutionNode = FALSE
	EndGlobalSection
	GlobalSection(ExtensibilityGlobals) = postSolution
		SolutionGuid = {E72F800D-3A63-43F8-88AA-CF7804225AF3}
	EndGlobalSection
EndGlobal
